---
triple:          'arm64-apple-darwin'
binary-path:     '/Users/rajatjoshi/Documents/Projects/cp-dsa/clock'
relocations:
  - { offsetInCU: 0x2FE5, offset: 0x2FE5, size: 0x8, addend: 0x0, symName: __ZNSt3__124__put_character_sequenceB8ue170006IcNS_11char_traitsIcEEEERNS_13basic_ostreamIT_T0_EES7_PKS4_m, symObjAddr: 0xAE8, symBinAddr: 0x1000029D0, symSize: 0x1EC }
  - { offsetInCU: 0x4E8A, offset: 0x4E8A, size: 0x8, addend: 0x0, symName: __ZNSt3__1lsB8ue170006INS_11char_traitsIcEEEERNS_13basic_ostreamIcT_EES6_PKc, symObjAddr: 0x3B4, symBinAddr: 0x10000229C, symSize: 0x48 }
  - { offsetInCU: 0x4ED0, offset: 0x4ED0, size: 0x8, addend: 0x0, symName: __ZNSt3__14endlB8ue170006IcNS_11char_traitsIcEEEERNS_13basic_ostreamIT_T0_EES7_, symObjAddr: 0x428, symBinAddr: 0x100002310, symSize: 0x58 }
  - { offsetInCU: 0x4F10, offset: 0x4F10, size: 0x8, addend: 0x0, symName: __ZNSt3__1lsB8ue170006IcNS_11char_traitsIcEEEERNS_13basic_ostreamIT_T0_EES7_RKNS_8__iom_t6E, symObjAddr: 0x480, symBinAddr: 0x100002368, symSize: 0x40 }
  - { offsetInCU: 0x4F5F, offset: 0x4F5F, size: 0x8, addend: 0x0, symName: __ZNSt3__1lsB8ue170006INS_11char_traitsIcEEEERNS_13basic_ostreamIcT_EES6_RKNS_8__iom_t4IcEE, symObjAddr: 0x4C0, symBinAddr: 0x1000023A8, symSize: 0x40 }
  - { offsetInCU: 0x4FA2, offset: 0x4FA2, size: 0x8, addend: 0x0, symName: __ZNSt3__17setfillB8ue170006IcEENS_8__iom_t4IT_EES2_, symObjAddr: 0x500, symBinAddr: 0x1000023E8, symSize: 0x2C }
  - { offsetInCU: 0x4FD7, offset: 0x4FD7, size: 0x8, addend: 0x0, symName: __ZNSt3__14setwB8ue170006Ei, symObjAddr: 0x52C, symBinAddr: 0x100002414, symSize: 0x2C }
  - { offsetInCU: 0x5005, offset: 0x5005, size: 0x8, addend: 0x0, symName: __ZNSt3__1rsB8ue170006IcNS_11char_traitsIcEENS_9allocatorIcEEEERNS_13basic_istreamIT_T0_EES9_RNS_12basic_stringIS6_S7_T1_EE, symObjAddr: 0x71C, symBinAddr: 0x100002604, symSize: 0x30C }
  - { offsetInCU: 0x50D2, offset: 0x50D2, size: 0x8, addend: 0x0, symName: __ZNSt3__116__pad_and_outputB8ue170006IcNS_11char_traitsIcEEEENS_19ostreambuf_iteratorIT_T0_EES6_PKS4_S8_S8_RNS_8ios_baseES4_, symObjAddr: 0xD24, symBinAddr: 0x100002C0C, symSize: 0x240 }
  - { offsetInCU: 0x51A1, offset: 0x51A1, size: 0x8, addend: 0x0, symName: __ZNSt3__112__to_addressB8ue170006IKcEEPT_S3_, symObjAddr: 0x1258, symBinAddr: 0x100003140, symSize: 0x14 }
  - { offsetInCU: 0x5209, offset: 0x5209, size: 0x8, addend: 0x0, symName: __ZNSt3__19use_facetB8ue170006INS_5ctypeIcEEEERKT_RKNS_6localeE, symObjAddr: 0x14D8, symBinAddr: 0x1000033C0, symSize: 0x2C }
  - { offsetInCU: 0x55E7, offset: 0x55E7, size: 0x8, addend: 0x0, symName: __ZNSt3__118__constexpr_strlenB8ue170006EPKc, symObjAddr: 0x1570, symBinAddr: 0x100003458, symSize: 0x24 }
  - { offsetInCU: 0x8688, offset: 0x8688, size: 0x8, addend: 0x0, symName: __Z5solveNSt3__112basic_stringIcNS_11char_traitsIcEENS_9allocatorIcEEEE, symObjAddr: 0x0, symBinAddr: 0x100001EE8, symSize: 0x34C }
  - { offsetInCU: 0x86CE, offset: 0x86CE, size: 0x8, addend: 0x0, symName: __ZNKSt3__112basic_stringIcNS_11char_traitsIcEENS_9allocatorIcEEE6substrB8ue170006Emm, symObjAddr: 0x34C, symBinAddr: 0x100002234, symSize: 0x68 }
  - { offsetInCU: 0x8710, offset: 0x8710, size: 0x8, addend: 0x0, symName: __ZNSt3__113basic_ostreamIcNS_11char_traitsIcEEElsB8ue170006EPFRS3_S4_E, symObjAddr: 0x3FC, symBinAddr: 0x1000022E4, symSize: 0x2C }
  - { offsetInCU: 0x8742, offset: 0x8742, size: 0x8, addend: 0x0, symName: _main, symObjAddr: 0x558, symBinAddr: 0x100002440, symSize: 0x16C }
  - { offsetInCU: 0x878C, offset: 0x878C, size: 0x8, addend: 0x0, symName: __ZNSt3__19basic_iosIcNS_11char_traitsIcEEE3tieB8ue170006EPNS_13basic_ostreamIcS2_EE, symObjAddr: 0x6C4, symBinAddr: 0x1000025AC, symSize: 0x2C }
  - { offsetInCU: 0x87D0, offset: 0x87D0, size: 0x8, addend: 0x0, symName: __ZNSt3__112basic_stringIcNS_11char_traitsIcEENS_9allocatorIcEEEC1B8ue170006Ev, symObjAddr: 0x6F0, symBinAddr: 0x1000025D8, symSize: 0x2C }
  - { offsetInCU: 0x87F8, offset: 0x87F8, size: 0x8, addend: 0x0, symName: __ZNSt3__18__iom_t6C1B8ue170006Ei, symObjAddr: 0xA28, symBinAddr: 0x100002910, symSize: 0x34 }
  - { offsetInCU: 0x882E, offset: 0x882E, size: 0x8, addend: 0x0, symName: __ZNSt3__18__iom_t6C2B8ue170006Ei, symObjAddr: 0xA5C, symBinAddr: 0x100002944, symSize: 0x20 }
  - { offsetInCU: 0x8864, offset: 0x8864, size: 0x8, addend: 0x0, symName: __ZNSt3__19allocatorIcEC1B8ue170006Ev, symObjAddr: 0xA7C, symBinAddr: 0x100002964, symSize: 0x2C }
  - { offsetInCU: 0x888C, offset: 0x888C, size: 0x8, addend: 0x0, symName: __ZNSt3__19allocatorIcEC2B8ue170006Ev, symObjAddr: 0xAA8, symBinAddr: 0x100002990, symSize: 0x2C }
  - { offsetInCU: 0x88B4, offset: 0x88B4, size: 0x8, addend: 0x0, symName: __ZNSt3__116__non_trivial_ifILb1ENS_9allocatorIcEEEC2B8ue170006Ev, symObjAddr: 0xAD4, symBinAddr: 0x1000029BC, symSize: 0x14 }
  - { offsetInCU: 0x88DD, offset: 0x88DD, size: 0x8, addend: 0x0, symName: __ZNSt3__111char_traitsIcE6lengthB8ue170006EPKc, symObjAddr: 0xCD4, symBinAddr: 0x100002BBC, symSize: 0x34 }
  - { offsetInCU: 0x891D, offset: 0x891D, size: 0x8, addend: 0x0, symName: __ZNKSt3__113basic_ostreamIcNS_11char_traitsIcEEE6sentrycvbB8ue170006Ev, symObjAddr: 0xD08, symBinAddr: 0x100002BF0, symSize: 0x1C }
  - { offsetInCU: 0x8941, offset: 0x8941, size: 0x8, addend: 0x0, symName: __ZNSt3__119ostreambuf_iteratorIcNS_11char_traitsIcEEEC1B8ue170006ERNS_13basic_ostreamIcS2_EE, symObjAddr: 0xF64, symBinAddr: 0x100002E4C, symSize: 0x34 }
  - { offsetInCU: 0x8977, offset: 0x8977, size: 0x8, addend: 0x0, symName: __ZNKSt3__18ios_base5flagsB8ue170006Ev, symObjAddr: 0xF98, symBinAddr: 0x100002E80, symSize: 0x18 }
  - { offsetInCU: 0x899E, offset: 0x899E, size: 0x8, addend: 0x0, symName: __ZNKSt3__19basic_iosIcNS_11char_traitsIcEEE4fillB8ue170006Ev, symObjAddr: 0xFB0, symBinAddr: 0x100002E98, symSize: 0x64 }
  - { offsetInCU: 0x89C5, offset: 0x89C5, size: 0x8, addend: 0x0, symName: __ZNKSt3__119ostreambuf_iteratorIcNS_11char_traitsIcEEE6failedB8ue170006Ev, symObjAddr: 0x1014, symBinAddr: 0x100002EFC, symSize: 0x24 }
  - { offsetInCU: 0x89E9, offset: 0x89E9, size: 0x8, addend: 0x0, symName: __ZNSt3__19basic_iosIcNS_11char_traitsIcEEE8setstateB8ue170006Ej, symObjAddr: 0x1038, symBinAddr: 0x100002F20, symSize: 0x2C }
  - { offsetInCU: 0x8A1C, offset: 0x8A1C, size: 0x8, addend: 0x0, symName: __ZNKSt3__18ios_base5widthB8ue170006Ev, symObjAddr: 0x1070, symBinAddr: 0x100002F58, symSize: 0x18 }
  - { offsetInCU: 0x8A42, offset: 0x8A42, size: 0x8, addend: 0x0, symName: __ZNSt3__115basic_streambufIcNS_11char_traitsIcEEE5sputnB8ue170006EPKcl, symObjAddr: 0x1088, symBinAddr: 0x100002F70, symSize: 0x3C }
  - { offsetInCU: 0x8A82, offset: 0x8A82, size: 0x8, addend: 0x0, symName: __ZNSt3__112basic_stringIcNS_11char_traitsIcEENS_9allocatorIcEEEC1B8ue170006Emc, symObjAddr: 0x10C4, symBinAddr: 0x100002FAC, symSize: 0x3C }
  - { offsetInCU: 0x8AC8, offset: 0x8AC8, size: 0x8, addend: 0x0, symName: __ZNKSt3__112basic_stringIcNS_11char_traitsIcEENS_9allocatorIcEEE4dataB8ue170006Ev, symObjAddr: 0x1100, symBinAddr: 0x100002FE8, symSize: 0x28 }
  - { offsetInCU: 0x8AEC, offset: 0x8AEC, size: 0x8, addend: 0x0, symName: __ZNSt3__18ios_base5widthB8ue170006El, symObjAddr: 0x1128, symBinAddr: 0x100003010, symSize: 0x2C }
  - { offsetInCU: 0x8B30, offset: 0x8B30, size: 0x8, addend: 0x0, symName: __ZNSt3__112basic_stringIcNS_11char_traitsIcEENS_9allocatorIcEEEC2B8ue170006Emc, symObjAddr: 0x1154, symBinAddr: 0x10000303C, symSize: 0x4C }
  - { offsetInCU: 0x8B7B, offset: 0x8B7B, size: 0x8, addend: 0x0, symName: __ZNSt3__117__compressed_pairINS_12basic_stringIcNS_11char_traitsIcEENS_9allocatorIcEEE5__repES5_EC1B8ue170006INS_18__default_init_tagESA_EEOT_OT0_, symObjAddr: 0x11A0, symBinAddr: 0x100003088, symSize: 0x3C }
  - { offsetInCU: 0x8BD1, offset: 0x8BD1, size: 0x8, addend: 0x0, symName: __ZNSt3__117__compressed_pairINS_12basic_stringIcNS_11char_traitsIcEENS_9allocatorIcEEE5__repES5_EC2B8ue170006INS_18__default_init_tagESA_EEOT_OT0_, symObjAddr: 0x11DC, symBinAddr: 0x1000030C4, symSize: 0x3C }
  - { offsetInCU: 0x8C27, offset: 0x8C27, size: 0x8, addend: 0x0, symName: __ZNSt3__122__compressed_pair_elemINS_12basic_stringIcNS_11char_traitsIcEENS_9allocatorIcEEE5__repELi0ELb0EEC2B8ue170006ENS_18__default_init_tagE, symObjAddr: 0x1218, symBinAddr: 0x100003100, symSize: 0x14 }
  - { offsetInCU: 0x8C5A, offset: 0x8C5A, size: 0x8, addend: 0x0, symName: __ZNSt3__122__compressed_pair_elemINS_9allocatorIcEELi1ELb1EEC2B8ue170006ENS_18__default_init_tagE, symObjAddr: 0x122C, symBinAddr: 0x100003114, symSize: 0x2C }
  - { offsetInCU: 0x8C8D, offset: 0x8C8D, size: 0x8, addend: 0x0, symName: __ZNKSt3__112basic_stringIcNS_11char_traitsIcEENS_9allocatorIcEEE13__get_pointerB8ue170006Ev, symObjAddr: 0x126C, symBinAddr: 0x100003154, symSize: 0x54 }
  - { offsetInCU: 0x8CB1, offset: 0x8CB1, size: 0x8, addend: 0x0, symName: __ZNKSt3__112basic_stringIcNS_11char_traitsIcEENS_9allocatorIcEEE9__is_longB8ue170006Ev, symObjAddr: 0x12C0, symBinAddr: 0x1000031A8, symSize: 0x38 }
  - { offsetInCU: 0x8CD5, offset: 0x8CD5, size: 0x8, addend: 0x0, symName: __ZNKSt3__112basic_stringIcNS_11char_traitsIcEENS_9allocatorIcEEE18__get_long_pointerB8ue170006Ev, symObjAddr: 0x12F8, symBinAddr: 0x1000031E0, symSize: 0x28 }
  - { offsetInCU: 0x8CF9, offset: 0x8CF9, size: 0x8, addend: 0x0, symName: __ZNKSt3__112basic_stringIcNS_11char_traitsIcEENS_9allocatorIcEEE19__get_short_pointerB8ue170006Ev, symObjAddr: 0x1320, symBinAddr: 0x100003208, symSize: 0x28 }
  - { offsetInCU: 0x8D1D, offset: 0x8D1D, size: 0x8, addend: 0x0, symName: __ZNKSt3__117__compressed_pairINS_12basic_stringIcNS_11char_traitsIcEENS_9allocatorIcEEE5__repES5_E5firstB8ue170006Ev, symObjAddr: 0x1348, symBinAddr: 0x100003230, symSize: 0x24 }
  - { offsetInCU: 0x8D42, offset: 0x8D42, size: 0x8, addend: 0x0, symName: __ZNKSt3__122__compressed_pair_elemINS_12basic_stringIcNS_11char_traitsIcEENS_9allocatorIcEEE5__repELi0ELb0EE5__getB8ue170006Ev, symObjAddr: 0x136C, symBinAddr: 0x100003254, symSize: 0x14 }
  - { offsetInCU: 0x8D67, offset: 0x8D67, size: 0x8, addend: 0x0, symName: __ZNSt3__114pointer_traitsIPKcE10pointer_toB8ue170006ERS1_, symObjAddr: 0x1380, symBinAddr: 0x100003268, symSize: 0x14 }
  - { offsetInCU: 0x8D89, offset: 0x8D89, size: 0x8, addend: 0x0, symName: __ZNSt3__119ostreambuf_iteratorIcNS_11char_traitsIcEEEC2B8ue170006ERNS_13basic_ostreamIcS2_EE, symObjAddr: 0x1394, symBinAddr: 0x10000327C, symSize: 0x54 }
  - { offsetInCU: 0x8DC0, offset: 0x8DC0, size: 0x8, addend: 0x0, symName: __ZNKSt3__19basic_iosIcNS_11char_traitsIcEEE5rdbufB8ue170006Ev, symObjAddr: 0x13E8, symBinAddr: 0x1000032D0, symSize: 0x24 }
  - { offsetInCU: 0x8DE7, offset: 0x8DE7, size: 0x8, addend: 0x0, symName: __ZNKSt3__18ios_base5rdbufB8ue170006Ev, symObjAddr: 0x140C, symBinAddr: 0x1000032F4, symSize: 0x18 }
  - { offsetInCU: 0x8E0C, offset: 0x8E0C, size: 0x8, addend: 0x0, symName: __ZNSt3__111char_traitsIcE11eq_int_typeB8ue170006Eii, symObjAddr: 0x1424, symBinAddr: 0x10000330C, symSize: 0x28 }
  - { offsetInCU: 0x8E3F, offset: 0x8E3F, size: 0x8, addend: 0x0, symName: __ZNSt3__111char_traitsIcE3eofB8ue170006Ev, symObjAddr: 0x144C, symBinAddr: 0x100003334, symSize: 0x8 }
  - { offsetInCU: 0x8E53, offset: 0x8E53, size: 0x8, addend: 0x0, symName: __ZNKSt3__19basic_iosIcNS_11char_traitsIcEEE5widenB8ue170006Ec, symObjAddr: 0x1454, symBinAddr: 0x10000333C, symSize: 0x84 }
  - { offsetInCU: 0x8EB5, offset: 0x8EB5, size: 0x8, addend: 0x0, symName: __ZNKSt3__15ctypeIcE5widenB8ue170006Ec, symObjAddr: 0x1504, symBinAddr: 0x1000033EC, symSize: 0x38 }
  - { offsetInCU: 0x8EE9, offset: 0x8EE9, size: 0x8, addend: 0x0, symName: __ZNSt3__18ios_base8setstateB8ue170006Ej, symObjAddr: 0x153C, symBinAddr: 0x100003424, symSize: 0x34 }
  - { offsetInCU: 0x8F1E, offset: 0x8F1E, size: 0x8, addend: 0x0, symName: __ZNSt3__18__iom_t4IcEC1B8ue170006Ec, symObjAddr: 0x1594, symBinAddr: 0x10000347C, symSize: 0x34 }
  - { offsetInCU: 0x8F54, offset: 0x8F54, size: 0x8, addend: 0x0, symName: __ZNSt3__18__iom_t4IcEC2B8ue170006Ec, symObjAddr: 0x15C8, symBinAddr: 0x1000034B0, symSize: 0x20 }
  - { offsetInCU: 0x8F8B, offset: 0x8F8B, size: 0x8, addend: 0x0, symName: __ZNSt3__19basic_iosIcNS_11char_traitsIcEEE4fillB8ue170006Ec, symObjAddr: 0x15E8, symBinAddr: 0x1000034D0, symSize: 0x74 }
  - { offsetInCU: 0x8FCF, offset: 0x8FCF, size: 0x8, addend: 0x0, symName: __ZNSt3__112basic_stringIcNS_11char_traitsIcEENS_9allocatorIcEEEC2B8ue170006Ev, symObjAddr: 0x165C, symBinAddr: 0x100003544, symSize: 0x48 }
  - { offsetInCU: 0x8FF7, offset: 0x8FF7, size: 0x8, addend: 0x0, symName: __ZNSt3__112basic_stringIcNS_11char_traitsIcEENS_9allocatorIcEEE14__default_initB8ue170006Ev, symObjAddr: 0x16A4, symBinAddr: 0x10000358C, symSize: 0x40 }
  - { offsetInCU: 0x901B, offset: 0x901B, size: 0x8, addend: 0x0, symName: __ZNSt3__117__compressed_pairINS_12basic_stringIcNS_11char_traitsIcEENS_9allocatorIcEEE5__repES5_E5firstB8ue170006Ev, symObjAddr: 0x16E4, symBinAddr: 0x1000035CC, symSize: 0x24 }
  - { offsetInCU: 0x9040, offset: 0x9040, size: 0x8, addend: 0x0, symName: __ZNSt3__122__compressed_pair_elemINS_12basic_stringIcNS_11char_traitsIcEENS_9allocatorIcEEE5__repELi0ELb0EE5__getB8ue170006Ev, symObjAddr: 0x1708, symBinAddr: 0x1000035F0, symSize: 0x14 }
  - { offsetInCU: 0x90F7, offset: 0x90F7, size: 0x8, addend: 0x0, symName: __ZNKSt3__113basic_istreamIcNS_11char_traitsIcEEE6sentrycvbB8ue170006Ev, symObjAddr: 0x171C, symBinAddr: 0x100003604, symSize: 0x1C }
  - { offsetInCU: 0x911C, offset: 0x911C, size: 0x8, addend: 0x0, symName: __ZNSt3__112basic_stringIcNS_11char_traitsIcEENS_9allocatorIcEEE5clearB8ue170006Ev, symObjAddr: 0x1738, symBinAddr: 0x100003620, symSize: 0x78 }
  - { offsetInCU: 0x9142, offset: 0x9142, size: 0x8, addend: 0x0, symName: __ZNKSt3__112basic_stringIcNS_11char_traitsIcEENS_9allocatorIcEEE8max_sizeB8ue170006Ev, symObjAddr: 0x17B0, symBinAddr: 0x100003698, symSize: 0xAC }
  - { offsetInCU: 0x9194, offset: 0x9194, size: 0x8, addend: 0x0, symName: __ZNSt3__114numeric_limitsIlE3maxB8ue170006Ev, symObjAddr: 0x185C, symBinAddr: 0x100003744, symSize: 0x14 }
  - { offsetInCU: 0x91A7, offset: 0x91A7, size: 0x8, addend: 0x0, symName: __ZNSt3__115basic_streambufIcNS_11char_traitsIcEEE5sgetcB8ue170006Ev, symObjAddr: 0x1870, symBinAddr: 0x100003758, symSize: 0x70 }
  - { offsetInCU: 0x91CC, offset: 0x91CC, size: 0x8, addend: 0x0, symName: __ZNSt3__111char_traitsIcE12to_char_typeB8ue170006Ei, symObjAddr: 0x18E0, symBinAddr: 0x1000037C8, symSize: 0x18 }
  - { offsetInCU: 0x91EE, offset: 0x91EE, size: 0x8, addend: 0x0, symName: __ZNKSt3__15ctypeIcE2isB8ue170006Ejc, symObjAddr: 0x18F8, symBinAddr: 0x1000037E0, symSize: 0x7C }
  - { offsetInCU: 0x9230, offset: 0x9230, size: 0x8, addend: 0x0, symName: __ZNSt3__115basic_streambufIcNS_11char_traitsIcEEE6sbumpcB8ue170006Ev, symObjAddr: 0x1974, symBinAddr: 0x10000385C, symSize: 0x78 }
  - { offsetInCU: 0x9255, offset: 0x9255, size: 0x8, addend: 0x0, symName: __ZNSt3__18ios_base18__setstate_nothrowB8ue170006Ej, symObjAddr: 0x19EC, symBinAddr: 0x1000038D4, symSize: 0x64 }
  - { offsetInCU: 0x9288, offset: 0x9288, size: 0x8, addend: 0x0, symName: __ZNKSt3__19basic_iosIcNS_11char_traitsIcEEE10exceptionsB8ue170006Ev, symObjAddr: 0x1A50, symBinAddr: 0x100003938, symSize: 0x24 }
  - { offsetInCU: 0x92AD, offset: 0x92AD, size: 0x8, addend: 0x0, symName: __ZNSt3__111char_traitsIcE6assignB8ue170006ERcRKc, symObjAddr: 0x1A74, symBinAddr: 0x10000395C, symSize: 0x24 }
  - { offsetInCU: 0x92DD, offset: 0x92DD, size: 0x8, addend: 0x0, symName: __ZNSt3__112basic_stringIcNS_11char_traitsIcEENS_9allocatorIcEEE18__get_long_pointerB8ue170006Ev, symObjAddr: 0x1A98, symBinAddr: 0x100003980, symSize: 0x28 }
  - { offsetInCU: 0x9301, offset: 0x9301, size: 0x8, addend: 0x0, symName: __ZNSt3__112basic_stringIcNS_11char_traitsIcEENS_9allocatorIcEEE15__set_long_sizeB8ue170006Em, symObjAddr: 0x1AC0, symBinAddr: 0x1000039A8, symSize: 0x38 }
  - { offsetInCU: 0x9334, offset: 0x9334, size: 0x8, addend: 0x0, symName: __ZNSt3__112basic_stringIcNS_11char_traitsIcEENS_9allocatorIcEEE19__get_short_pointerB8ue170006Ev, symObjAddr: 0x1AF8, symBinAddr: 0x1000039E0, symSize: 0x28 }
  - { offsetInCU: 0x9358, offset: 0x9358, size: 0x8, addend: 0x0, symName: __ZNSt3__112basic_stringIcNS_11char_traitsIcEENS_9allocatorIcEEE16__set_short_sizeB8ue170006Em, symObjAddr: 0x1B20, symBinAddr: 0x100003A08, symSize: 0x78 }
  - { offsetInCU: 0x938C, offset: 0x938C, size: 0x8, addend: 0x0, symName: __ZNSt3__114pointer_traitsIPcE10pointer_toB8ue170006ERc, symObjAddr: 0x1B98, symBinAddr: 0x100003A80, symSize: 0x14 }
  - { offsetInCU: 0x93B9, offset: 0x93B9, size: 0x8, addend: 0x0, symName: __ZNSt3__116allocator_traitsINS_9allocatorIcEEE8max_sizeB8ue170006IS2_vEEmRKS2_, symObjAddr: 0x1BAC, symBinAddr: 0x100003A94, symSize: 0x24 }
  - { offsetInCU: 0x93E5, offset: 0x93E5, size: 0x8, addend: 0x0, symName: __ZNKSt3__112basic_stringIcNS_11char_traitsIcEENS_9allocatorIcEEE7__allocB8ue170006Ev, symObjAddr: 0x1BD0, symBinAddr: 0x100003AB8, symSize: 0x24 }
  - { offsetInCU: 0x940A, offset: 0x940A, size: 0x8, addend: 0x0, symName: __ZNSt3__114numeric_limitsImE3maxB8ue170006Ev, symObjAddr: 0x1BF4, symBinAddr: 0x100003ADC, symSize: 0x14 }
  - { offsetInCU: 0x941E, offset: 0x941E, size: 0x8, addend: 0x0, symName: __ZNKSt3__19allocatorIcE8max_sizeB8ue170006Ev, symObjAddr: 0x1C08, symBinAddr: 0x100003AF0, symSize: 0x14 }
  - { offsetInCU: 0x9442, offset: 0x9442, size: 0x8, addend: 0x0, symName: __ZNKSt3__117__compressed_pairINS_12basic_stringIcNS_11char_traitsIcEENS_9allocatorIcEEE5__repES5_E6secondB8ue170006Ev, symObjAddr: 0x1C1C, symBinAddr: 0x100003B04, symSize: 0x24 }
  - { offsetInCU: 0x9467, offset: 0x9467, size: 0x8, addend: 0x0, symName: __ZNKSt3__122__compressed_pair_elemINS_9allocatorIcEELi1ELb1EE5__getB8ue170006Ev, symObjAddr: 0x1C40, symBinAddr: 0x100003B28, symSize: 0x14 }
  - { offsetInCU: 0x948C, offset: 0x948C, size: 0x8, addend: 0x0, symName: __ZNSt3__123__libcpp_numeric_limitsImLb1EE3maxB8ue170006Ev, symObjAddr: 0x1C54, symBinAddr: 0x100003B3C, symSize: 0x8 }
  - { offsetInCU: 0x94A0, offset: 0x94A0, size: 0x8, addend: 0x0, symName: __ZNSt3__123__libcpp_numeric_limitsIlLb1EE3maxB8ue170006Ev, symObjAddr: 0x1C5C, symBinAddr: 0x100003B44, symSize: 0x8 }
  - { offsetInCU: 0x94B4, offset: 0x94B4, size: 0x8, addend: 0x0, symName: __ZNSt3__111char_traitsIcE11to_int_typeB8ue170006Ec, symObjAddr: 0x1C64, symBinAddr: 0x100003B4C, symSize: 0x14 }
  - { offsetInCU: 0x94D7, offset: 0x94D7, size: 0x8, addend: 0x0, symName: __Z7isasciii, symObjAddr: 0x1C78, symBinAddr: 0x100003B60, symSize: 0x24 }
  - { offsetInCU: 0x9503, offset: 0x9503, size: 0x8, addend: 0x0, symName: __ZNKSt3__18ios_base10exceptionsB8ue170006Ev, symObjAddr: 0x1C9C, symBinAddr: 0x100003B84, symSize: 0x18 }
...
